
Microsoft Visual Studio Solution File, Format Version 12.00
# Visual Studio 15
VisualStudioVersion = 15.0.28010.2050
MinimumVisualStudioVersion = 10.0.40219.1
Project("{FAE04EC0-301F-11D3-BF4B-00C04F79EFBC}") = "DataHandler", "DataHandler\DataHandler.csproj", "{CBB7465E-8DB0-4D8D-9243-2536A702C825}"
EndProject
Project("{FAE04EC0-301F-11D3-BF4B-00C04F79EFBC}") = "FifteenSolvers", "FifteenSolvers\FifteenSolvers.csproj", "{C07AE4A8-F4C5-450C-8889-2FA141EC6B4A}"
EndProject
Project("{FAE04EC0-301F-11D3-BF4B-00C04F79EFBC}") = "CLIFifteen", "CLIFifteen\CLIFifteen.csproj", "{3B41F48C-2C93-458A-AAF1-9442118759B6}"
EndProject
Project("{FAE04EC0-301F-11D3-BF4B-00C04F79EFBC}") = "BoardModel", "Board\BoardModel.csproj", "{B4456C7B-6A38-4408-83D1-4EA6D285DFE1}"
EndProject
Project("{FAE04EC0-301F-11D3-BF4B-00C04F79EFBC}") = "UnitTests", "UnitTests\UnitTests.csproj", "{385BF450-BC49-4206-B896-0A7CEF62E1B7}"
EndProject
Global
	GlobalSection(SolutionConfigurationPlatforms) = preSolution
		Debug|Any CPU = Debug|Any CPU
		Release|Any CPU = Release|Any CPU
	EndGlobalSection
	GlobalSection(ProjectConfigurationPlatforms) = postSolution
		{CBB7465E-8DB0-4D8D-9243-2536A702C825}.Debug|Any CPU.ActiveCfg = Debug|Any CPU
		{CBB7465E-8DB0-4D8D-9243-2536A702C825}.Debug|Any CPU.Build.0 = Debug|Any CPU
		{CBB7465E-8DB0-4D8D-9243-2536A702C825}.Release|Any CPU.ActiveCfg = Release|Any CPU
		{CBB7465E-8DB0-4D8D-9243-2536A702C825}.Release|Any CPU.Build.0 = Release|Any CPU
		{C07AE4A8-F4C5-450C-8889-2FA141EC6B4A}.Debug|Any CPU.ActiveCfg = Debug|Any CPU
		{C07AE4A8-F4C5-450C-8889-2FA141EC6B4A}.Debug|Any CPU.Build.0 = Debug|Any CPU
		{C07AE4A8-F4C5-450C-8889-2FA141EC6B4A}.Release|Any CPU.ActiveCfg = Release|Any CPU
		{C07AE4A8-F4C5-450C-8889-2FA141EC6B4A}.Release|Any CPU.Build.0 = Release|Any CPU
		{3B41F48C-2C93-458A-AAF1-9442118759B6}.Debug|Any CPU.ActiveCfg = Debug|Any CPU
		{3B41F48C-2C93-458A-AAF1-9442118759B6}.Debug|Any CPU.Build.0 = Debug|Any CPU
		{3B41F48C-2C93-458A-AAF1-9442118759B6}.Release|Any CPU.ActiveCfg = Release|Any CPU
		{3B41F48C-2C93-458A-AAF1-9442118759B6}.Release|Any CPU.Build.0 = Release|Any CPU
		{B4456C7B-6A38-4408-83D1-4EA6D285DFE1}.Debug|Any CPU.ActiveCfg = Debug|Any CPU
		{B4456C7B-6A38-4408-83D1-4EA6D285DFE1}.Debug|Any CPU.Build.0 = Debug|Any CPU
		{B4456C7B-6A38-4408-83D1-4EA6D285DFE1}.Release|Any CPU.ActiveCfg = Release|Any CPU
		{B4456C7B-6A38-4408-83D1-4EA6D285DFE1}.Release|Any CPU.Build.0 = Release|Any CPU
		{385BF450-BC49-4206-B896-0A7CEF62E1B7}.Debug|Any CPU.ActiveCfg = Debug|Any CPU
		{385BF450-BC49-4206-B896-0A7CEF62E1B7}.Debug|Any CPU.Build.0 = Debug|Any CPU
		{385BF450-BC49-4206-B896-0A7CEF62E1B7}.Release|Any CPU.ActiveCfg = Release|Any CPU
		{385BF450-BC49-4206-B896-0A7CEF62E1B7}.Release|Any CPU.Build.0 = Release|Any CPU
	EndGlobalSection
	GlobalSection(SolutionProperties) = preSolution
		HideSolutionNode = FALSE
	EndGlobalSection
	GlobalSection(ExtensibilityGlobals) = postSolution
		SolutionGuid = {FF541A3E-7098-4EC7-A3DC-E1F3C4F6E775}
	EndGlobalSection
EndGlobal
